// !$*UTF8*$!
{
	archiveVersion = 1;
	classes = {
	};
	objectVersion = 56;
	objects = {

/* Begin PBXBuildFile section */
		0FA51E242B71DF4000CC6650 /* SpeechToTextPOCApp.swift in Sources */ = {isa = PBXBuildFile; fileRef = 0FA51E232B71DF4000CC6650 /* SpeechToTextPOCApp.swift */; };
		0FA51E262B71DF4000CC6650 /* ContentView.swift in Sources */ = {isa = PBXBuildFile; fileRef = 0FA51E252B71DF4000CC6650 /* ContentView.swift */; };
		0FA51E282B71DF4100CC6650 /* Assets.xcassets in Resources */ = {isa = PBXBuildFile; fileRef = 0FA51E272B71DF4100CC6650 /* Assets.xcassets */; };
		0FA51E2B2B71DF4100CC6650 /* Preview Assets.xcassets in Resources */ = {isa = PBXBuildFile; fileRef = 0FA51E2A2B71DF4100CC6650 /* Preview Assets.xcassets */; };
		0FA51E392B71E32900CC6650 /* InterviewQuestionModel.swift in Sources */ = {isa = PBXBuildFile; fileRef = 0FA51E382B71E32900CC6650 /* InterviewQuestionModel.swift */; };
		0FA51E3D2B71E38800CC6650 /* QuestionAndAnswerView.swift in Sources */ = {isa = PBXBuildFile; fileRef = 0FA51E3C2B71E38800CC6650 /* QuestionAndAnswerView.swift */; };
		0FA51E402B71E3BA00CC6650 /* SpeechTranscriber.swift in Sources */ = {isa = PBXBuildFile; fileRef = 0FA51E3F2B71E3BA00CC6650 /* SpeechTranscriber.swift */; };
/* End PBXBuildFile section */

/* Begin PBXFileReference section */
		0FA51E202B71DF4000CC6650 /* SpeechToTextPOC.app */ = {isa = PBXFileReference; explicitFileType = wrapper.application; includeInIndex = 0; path = SpeechToTextPOC.app; sourceTree = BUILT_PRODUCTS_DIR; };
		0FA51E232B71DF4000CC6650 /* SpeechToTextPOCApp.swift */ = {isa = PBXFileReference; lastKnownFileType = sourcecode.swift; path = SpeechToTextPOCApp.swift; sourceTree = "<group>"; };
		0FA51E252B71DF4000CC6650 /* ContentView.swift */ = {isa = PBXFileReference; lastKnownFileType = sourcecode.swift; path = ContentView.swift; sourceTree = "<group>"; };
		0FA51E272B71DF4100CC6650 /* Assets.xcassets */ = {isa = PBXFileReference; lastKnownFileType = folder.assetcatalog; path = Assets.xcassets; sourceTree = "<group>"; };
		0FA51E2A2B71DF4100CC6650 /* Preview Assets.xcassets */ = {isa = PBXFileReference; lastKnownFileType = folder.assetcatalog; path = "Preview Assets.xcassets"; sourceTree = "<group>"; };
		0FA51E382B71E32900CC6650 /* InterviewQuestionModel.swift */ = {isa = PBXFileReference; lastKnownFileType = sourcecode.swift; path = InterviewQuestionModel.swift; sourceTree = "<group>"; };
		0FA51E3C2B71E38800CC6650 /* QuestionAndAnswerView.swift */ = {isa = PBXFileReference; lastKnownFileType = sourcecode.swift; path = QuestionAndAnswerView.swift; sourceTree = "<group>"; };
		0FA51E3F2B71E3BA00CC6650 /* SpeechTranscriber.swift */ = {isa = PBXFileReference; lastKnownFileType = sourcecode.swift; path = SpeechTranscriber.swift; sourceTree = "<group>"; };
/* End PBXFileReference section */

/* Begin PBXFrameworksBuildPhase section */
		0FA51E1D2B71DF4000CC6650 /* Frameworks */ = {
			isa = PBXFrameworksBuildPhase;
			buildActionMask = 2147483647;
			files = (
			);
			runOnlyForDeploymentPostprocessing = 0;
		};
/* End PBXFrameworksBuildPhase section */

/* Begin PBXGroup section */
		0FA51E172B71DF4000CC6650 = {
			isa = PBXGroup;
			children = (
				0FA51E222B71DF4000CC6650 /* SpeechToTextPOC */,
				0FA51E212B71DF4000CC6650 /* Products */,
			);
			sourceTree = "<group>";
		};
		0FA51E212B71DF4000CC6650 /* Products */ = {
			isa = PBXGroup;
			children = (
				0FA51E202B71DF4000CC6650 /* SpeechToTextPOC.app */,
			);
			name = Products;
			sourceTree = "<group>";
		};
		0FA51E222B71DF4000CC6650 /* SpeechToTextPOC */ = {
			isa = PBXGroup;
			children = (
				0FA51E3E2B71E3AB00CC6650 /* Services */,
				0FA51E3A2B71E35D00CC6650 /* Views */,
				0FA51E372B71E31700CC6650 /* Models */,
				0FA51E232B71DF4000CC6650 /* SpeechToTextPOCApp.swift */,
				0FA51E252B71DF4000CC6650 /* ContentView.swift */,
				0FA51E272B71DF4100CC6650 /* Assets.xcassets */,
				0FA51E292B71DF4100CC6650 /* Preview Content */,
			);
			path = SpeechToTextPOC;
			sourceTree = "<group>";
		};
		0FA51E292B71DF4100CC6650 /* Preview Content */ = {
			isa = PBXGroup;
			children = (
				0FA51E2A2B71DF4100CC6650 /* Preview Assets.xcassets */,
			);
			path = "Preview Content";
			sourceTree = "<group>";
		};
		0FA51E372B71E31700CC6650 /* Models */ = {
			isa = PBXGroup;
			children = (
				0FA51E382B71E32900CC6650 /* InterviewQuestionModel.swift */,
			);
			path = Models;
			sourceTree = "<group>";
		};
		0FA51E3A2B71E35D00CC6650 /* Views */ = {
			isa = PBXGroup;
			children = (
				0FA51E3B2B71E36800CC6650 /* QuestionAndAnswerView */,
			);
			path = Views;
			sourceTree = "<group>";
		};
		0FA51E3B2B71E36800CC6650 /* QuestionAndAnswerView */ = {
			isa = PBXGroup;
			children = (
				0FA51E3C2B71E38800CC6650 /* QuestionAndAnswerView.swift */,
			);
			path = QuestionAndAnswerView;
			sourceTree = "<group>";
		};
		0FA51E3E2B71E3AB00CC6650 /* Services */ = {
			isa = PBXGroup;
			children = (
				0FA51E3F2B71E3BA00CC6650 /* SpeechTranscriber.swift */,
			);
			path = Services;
			sourceTree = "<group>";
		};
/* End PBXGroup section */

/* Begin PBXNativeTarget section */
		0FA51E1F2B71DF4000CC6650 /* SpeechToTextPOC */ = {
			isa = PBXNativeTarget;
			buildConfigurationList = 0FA51E2E2B71DF4100CC6650 /* Build configuration list for PBXNativeTarget "SpeechToTextPOC" */;
			buildPhases = (
				0FA51E1C2B71DF4000CC6650 /* Sources */,
				0FA51E1D2B71DF4000CC6650 /* Frameworks */,
				0FA51E1E2B71DF4000CC6650 /* Resources */,
			);
			buildRules = (
			);
			dependencies = (
			);
			name = SpeechToTextPOC;
			productName = SpeechToTextPOC;
			productReference = 0FA51E202B71DF4000CC6650 /* SpeechToTextPOC.app */;
			productType = "com.apple.product-type.application";
		};
/* End PBXNativeTarget section */

/* Begin PBXProject section */
		0FA51E182B71DF4000CC6650 /* Project object */ = {
			isa = PBXProject;
			attributes = {
				BuildIndependentTargetsInParallel = 1;
				LastSwiftUpdateCheck = 1520;
				LastUpgradeCheck = 1520;
				TargetAttributes = {
					0FA51E1F2B71DF4000CC6650 = {
						CreatedOnToolsVersion = 15.2;
					};
				};
			};
			buildConfigurationList = 0FA51E1B2B71DF4000CC6650 /* Build configuration list for PBXProject "SpeechToTextPOC" */;
			compatibilityVersion = "Xcode 14.0";
			developmentRegion = en;
			hasScannedForEncodings = 0;
			knownRegions = (
				en,
				Base,
			);
			mainGroup = 0FA51E172B71DF4000CC6650;
			productRefGroup = 0FA51E212B71DF4000CC6650 /* Products */;
			projectDirPath = "";
			projectRoot = "";
			targets = (
				0FA51E1F2B71DF4000CC6650 /* SpeechToTextPOC */,
			);
		};
/* End PBXProject section */

/* Begin PBXResourcesBuildPhase section */
		0FA51E1E2B71DF4000CC6650 /* Resources */ = {
			isa = PBXResourcesBuildPhase;
			buildActionMask = 2147483647;
			files = (
				0FA51E2B2B71DF4100CC6650 /* Preview Assets.xcassets in Resources */,
				0FA51E282B71DF4100CC6650 /* Assets.xcassets in Resources */,
			);
			runOnlyForDeploymentPostprocessing = 0;
		};
/* End PBXResourcesBuildPhase section */

/* Begin PBXSourcesBuildPhase section */
		0FA51E1C2B71DF4000CC6650 /* Sources */ = {
			isa = PBXSourcesBuildPhase;
			buildActionMask = 2147483647;
			files = (
				0FA51E402B71E3BA00CC6650 /* SpeechTranscriber.swift in Sources */,
				0FA51E3D2B71E38800CC6650 /* QuestionAndAnswerView.swift in Sources */,
				0FA51E262B71DF4000CC6650 /* ContentView.swift in Sources */,
				0FA51E392B71E32900CC6650 /* InterviewQuestionModel.swift in Sources */,
				0FA51E242B71DF4000CC6650 /* SpeechToTextPOCApp.swift in Sources */,
			);
			runOnlyForDeploymentPostprocessing = 0;
		};
/* End PBXSourcesBuildPhase section */

/* Begin XCBuildConfiguration section */
		0FA51E2C2B71DF4100CC6650 /* Debug */ = {
			isa = XCBuildConfiguration;
			buildSettings = {
				ALWAYS_SEARCH_USER_PATHS = NO;
				ASSETCATALOG_COMPILER_GENERATE_SWIFT_ASSET_SYMBOL_EXTENSIONS = YES;
				CLANG_ANALYZER_NONNULL = YES;
				CLANG_ANALYZER_NUMBER_OBJECT_CONVERSION = YES_AGGRESSIVE;
				CLANG_CXX_LANGUAGE_STANDARD = "gnu++20";
				CLANG_ENABLE_MODULES = YES;
				CLANG_ENABLE_OBJC_ARC = YES;
				CLANG_ENABLE_OBJC_WEAK = YES;
				CLANG_WARN_BLOCK_CAPTURE_AUTORELEASING = YES;
				CLANG_WARN_BOOL_CONVERSION = YES;
				CLANG_WARN_COMMA = YES;
				CLANG_WARN_CONSTANT_CONVERSION = YES;
				CLANG_WARN_DEPRECATED_OBJC_IMPLEMENTATIONS = YES;
				CLANG_WARN_DIRECT_OBJC_ISA_USAGE = YES_ERROR;
				CLANG_WARN_DOCUMENTATION_COMMENTS = YES;
				CLANG_WARN_EMPTY_BODY = YES;
				CLANG_WARN_ENUM_CONVERSION = YES;
				CLANG_WARN_INFINITE_RECURSION = YES;
				CLANG_WARN_INT_CONVERSION = YES;
				CLANG_WARN_NON_LITERAL_NULL_CONVERSION = YES;
				CLANG_WARN_OBJC_IMPLICIT_RETAIN_SELF = YES;
				CLANG_WARN_OBJC_LITERAL_CONVERSION = YES;
				CLANG_WARN_OBJC_ROOT_CLASS = YES_ERROR;
				CLANG_WARN_QUOTED_INCLUDE_IN_FRAMEWORK_HEADER = YES;
				CLANG_WARN_RANGE_LOOP_ANALYSIS = YES;
				CLANG_WARN_STRICT_PROTOTYPES = YES;
				CLANG_WARN_SUSPICIOUS_MOVE = YES;
				CLANG_WARN_UNGUARDED_AVAILABILITY = YES_AGGRESSIVE;
				CLANG_WARN_UNREACHABLE_CODE = YES;
				CLANG_WARN__DUPLICATE_METHOD_MATCH = YES;
				COPY_PHASE_STRIP = NO;
				DEBUG_INFORMATION_FORMAT = dwarf;
				ENABLE_STRICT_OBJC_MSGSEND = YES;
				ENABLE_TESTABILITY = YES;
				ENABLE_USER_SCRIPT_SANDBOXING = YES;
				GCC_C_LANGUAGE_STANDARD = gnu17;
				GCC_DYNAMIC_NO_PIC = NO;
				GCC_NO_COMMON_BLOCKS = YES;
				GCC_OPTIMIZATION_LEVEL = 0;
				GCC_PREPROCESSOR_DEFINITIONS = (
					"DEBUG=1",
					"$(inherited)",
				);
				GCC_WARN_64_TO_32_BIT_CONVERSION = YES;
				GCC_WARN_ABOUT_RETURN_TYPE = YES_ERROR;
				GCC_WARN_UNDECLARED_SELECTOR = YES;
				GCC_WARN_UNINITIALIZED_AUTOS = YES_AGGRESSIVE;
				GCC_WARN_UNUSED_FUNCTION = YES;
				GCC_WARN_UNUSED_VARIABLE = YES;
				IPHONEOS_DEPLOYMENT_TARGET = 17.2;
				LOCALIZATION_PREFERS_STRING_CATALOGS = YES;
				MTL_ENABLE_DEBUG_INFO = INCLUDE_SOURCE;
				MTL_FAST_MATH = YES;
				ONLY_ACTIVE_ARCH = YES;
				SDKROOT = iphoneos;
				SWIFT_ACTIVE_COMPILATION_CONDITIONS = "DEBUG $(inherited)";
				SWIFT_OPTIMIZATION_LEVEL = "-Onone";
			};
			name = Debug;
		};
		0FA51E2D2B71DF4100CC6650 /* Release */ = {
			isa = XCBuildConfiguration;
			buildSettings = {
				ALWAYS_SEARCH_USER_PATHS = NO;
				ASSETCATALOG_COMPILER_GENERATE_SWIFT_ASSET_SYMBOL_EXTENSIONS = YES;
				CLANG_ANALYZER_NONNULL = YES;
				CLANG_ANALYZER_NUMBER_OBJECT_CONVERSION = YES_AGGRESSIVE;
				CLANG_CXX_LANGUAGE_STANDARD = "gnu++20";
				CLANG_ENABLE_MODULES = YES;
				CLANG_ENABLE_OBJC_ARC = YES;
				CLANG_ENABLE_OBJC_WEAK = YES;
				CLANG_WARN_BLOCK_CAPTURE_AUTORELEASING = YES;
				CLANG_WARN_BOOL_CONVERSION = YES;
				CLANG_WARN_COMMA = YES;
				CLANG_WARN_CONSTANT_CONVERSION = YES;
				CLANG_WARN_DEPRECATED_OBJC_IMPLEMENTATIONS = YES;
				CLANG_WARN_DIRECT_OBJC_ISA_USAGE = YES_ERROR;
				CLANG_WARN_DOCUMENTATION_COMMENTS = YES;
				CLANG_WARN_EMPTY_BODY = YES;
				CLANG_WARN_ENUM_CONVERSION = YES;
				CLANG_WARN_INFINITE_RECURSION = YES;
				CLANG_WARN_INT_CONVERSION = YES;
				CLANG_WARN_NON_LITERAL_NULL_CONVERSION = YES;
				CLANG_WARN_OBJC_IMPLICIT_RETAIN_SELF = YES;
				CLANG_WARN_OBJC_LITERAL_CONVERSION = YES;
				CLANG_WARN_OBJC_ROOT_CLASS = YES_ERROR;
				CLANG_WARN_QUOTED_INCLUDE_IN_FRAMEWORK_HEADER = YES;
				CLANG_WARN_RANGE_LOOP_ANALYSIS = YES;
				CLANG_WARN_STRICT_PROTOTYPES = YES;
				CLANG_WARN_SUSPICIOUS_MOVE = YES;
				CLANG_WARN_UNGUARDED_AVAILABILITY = YES_AGGRESSIVE;
				CLANG_WARN_UNREACHABLE_CODE = YES;
				CLANG_WARN__DUPLICATE_METHOD_MATCH = YES;
				COPY_PHASE_STRIP = NO;
				DEBUG_INFORMATION_FORMAT = "dwarf-with-dsym";
				ENABLE_NS_ASSERTIONS = NO;
				ENABLE_STRICT_OBJC_MSGSEND = YES;
				ENABLE_USER_SCRIPT_SANDBOXING = YES;
				GCC_C_LANGUAGE_STANDARD = gnu17;
				GCC_NO_COMMON_BLOCKS = YES;
				GCC_WARN_64_TO_32_BIT_CONVERSION = YES;
				GCC_WARN_ABOUT_RETURN_TYPE = YES_ERROR;
				GCC_WARN_UNDECLARED_SELECTOR = YES;
				GCC_WARN_UNINITIALIZED_AUTOS = YES_AGGRESSIVE;
				GCC_WARN_UNUSED_FUNCTION = YES;
				GCC_WARN_UNUSED_VARIABLE = YES;
				IPHONEOS_DEPLOYMENT_TARGET = 17.2;
				LOCALIZATION_PREFERS_STRING_CATALOGS = YES;
				MTL_ENABLE_DEBUG_INFO = NO;
				MTL_FAST_MATH = YES;
				SDKROOT = iphoneos;
				SWIFT_COMPILATION_MODE = wholemodule;
				VALIDATE_PRODUCT = YES;
			};
			name = Release;
		};
		0FA51E2F2B71DF4100CC6650 /* Debug */ = {
			isa = XCBuildConfiguration;
			buildSettings = {
				ASSETCATALOG_COMPILER_APPICON_NAME = AppIcon;
				ASSETCATALOG_COMPILER_GLOBAL_ACCENT_COLOR_NAME = AccentColor;
				CODE_SIGN_STYLE = Automatic;
				CURRENT_PROJECT_VERSION = 1;
				DEVELOPMENT_ASSET_PATHS = "\"SpeechToTextPOC/Preview Content\"";
				ENABLE_PREVIEWS = YES;
				GENERATE_INFOPLIST_FILE = YES;
				INFOPLIST_KEY_NSMicrophoneUsageDescription = "We need access to your microphone for speech recognition.";
				INFOPLIST_KEY_NSSpeechRecognitionUsageDescription = "We need access to your microphone for speech recognition.";
				INFOPLIST_KEY_UIApplicationSceneManifest_Generation = YES;
				INFOPLIST_KEY_UIApplicationSupportsIndirectInputEvents = YES;
				INFOPLIST_KEY_UILaunchScreen_Generation = YES;
				INFOPLIST_KEY_UISupportedInterfaceOrientations_iPad = "UIInterfaceOrientationPortrait UIInterfaceOrientationPortraitUpsideDown UIInterfaceOrientationLandscapeLeft UIInterfaceOrientationLandscapeRight";
				INFOPLIST_KEY_UISupportedInterfaceOrientations_iPhone = "UIInterfaceOrientationPortrait UIInterfaceOrientationLandscapeLeft UIInterfaceOrientationLandscapeRight";
				LD_RUNPATH_SEARCH_PATHS = (
					"$(inherited)",
					"@executable_path/Frameworks",
				);
				MARKETING_VERSION = 1.0;
				PRODUCT_BUNDLE_IDENTIFIER = com.SpeechToTextPOC;
				PRODUCT_NAME = "$(TARGET_NAME)";
				SWIFT_EMIT_LOC_STRINGS = YES;
				SWIFT_VERSION = 5.0;
				TARGETED_DEVICE_FAMILY = "1,2";
			};
			name = Debug;
		};
		0FA51E302B71DF4100CC6650 /* Release */ = {
			isa = XCBuildConfiguration;
			buildSettings = {
				ASSETCATALOG_COMPILER_APPICON_NAME = AppIcon;
				ASSETCATALOG_COMPILER_GLOBAL_ACCENT_COLOR_NAME = AccentColor;
				CODE_SIGN_STYLE = Automatic;
				CURRENT_PROJECT_VERSION = 1;
				DEVELOPMENT_ASSET_PATHS = "\"SpeechToTextPOC/Preview Content\"";
				ENABLE_PREVIEWS = YES;
				GENERATE_INFOPLIST_FILE = YES;
				INFOPLIST_KEY_NSMicrophoneUsageDescription = "We need access to your microphone for speech recognition.";
				INFOPLIST_KEY_NSSpeechRecognitionUsageDescription = "We need access to your microphone for speech recognition.";
				INFOPLIST_KEY_UIApplicationSceneManifest_Generation = YES;
				INFOPLIST_KEY_UIApplicationSupportsIndirectInputEvents = YES;
				INFOPLIST_KEY_UILaunchScreen_Generation = YES;
				INFOPLIST_KEY_UISupportedInterfaceOrientations_iPad = "UIInterfaceOrientationPortrait UIInterfaceOrientationPortraitUpsideDown UIInterfaceOrientationLandscapeLeft UIInterfaceOrientationLandscapeRight";
				INFOPLIST_KEY_UISupportedInterfaceOrientations_iPhone = "UIInterfaceOrientationPortrait UIInterfaceOrientationLandscapeLeft UIInterfaceOrientationLandscapeRight";
				LD_RUNPATH_SEARCH_PATHS = (
					"$(inherited)",
					"@executable_path/Frameworks",
				);
				MARKETING_VERSION = 1.0;
				PRODUCT_BUNDLE_IDENTIFIER = com.SpeechToTextPOC;
				PRODUCT_NAME = "$(TARGET_NAME)";
				SWIFT_EMIT_LOC_STRINGS = YES;
				SWIFT_VERSION = 5.0;
				TARGETED_DEVICE_FAMILY = "1,2";
			};
			name = Release;
		};
/* End XCBuildConfiguration section */

/* Begin XCConfigurationList section */
		0FA51E1B2B71DF4000CC6650 /* Build configuration list for PBXProject "SpeechToTextPOC" */ = {
			isa = XCConfigurationList;
			buildConfigurations = (
				0FA51E2C2B71DF4100CC6650 /* Debug */,
				0FA51E2D2B71DF4100CC6650 /* Release */,
			);
			defaultConfigurationIsVisible = 0;
			defaultConfigurationName = Release;
		};
		0FA51E2E2B71DF4100CC6650 /* Build configuration list for PBXNativeTarget "SpeechToTextPOC" */ = {
			isa = XCConfigurationList;
			buildConfigurations = (
				0FA51E2F2B71DF4100CC6650 /* Debug */,
				0FA51E302B71DF4100CC6650 /* Release */,
			);
			defaultConfigurationIsVisible = 0;
			defaultConfigurationName = Release;
		};
/* End XCConfigurationList section */
	};
	rootObject = 0FA51E182B71DF4000CC6650 /* Project object */;
}
